
Microsoft Visual Studio Solution File, Format Version 12.00
# Visual Studio Version 17
VisualStudioVersion = 17.14.36127.28
MinimumVisualStudioVersion = 10.0.40219.1
Project("{FAE04EC0-301F-11D3-BF4B-00C04F79EFBC}") = "BulkyWeb", "BulkyWeb\BulkyWeb.csproj", "{1F3BBB9D-CB67-4CA5-812C-650334B4D714}"
EndProject
Project("{2150E333-8FDC-42A3-9474-1A3956D46DE8}") = "Solution Items", "Solution Items", "{8EC462FD-D22E-90A8-E5CE-7E832BA40C5D}"
	ProjectSection(SolutionItems) = preProject
		commands.txt = commands.txt
	EndProjectSection
EndProject
Project("{FAE04EC0-301F-11D3-BF4B-00C04F79EFBC}") = "Bulky.DataAccess", "Bulky.DataAccess\Bulky.DataAccess.csproj", "{D3E13825-0FB4-4EFC-AC2B-C919FDE34752}"
EndProject
Project("{FAE04EC0-301F-11D3-BF4B-00C04F79EFBC}") = "Bulky.Models", "Bulky.Models\Bulky.Models.csproj", "{95FCB2C5-43BC-4368-A939-18D63B1929F2}"
EndProject
Project("{FAE04EC0-301F-11D3-BF4B-00C04F79EFBC}") = "Bulky.Utility", "Bulky.Utility\Bulky.Utility.csproj", "{78EEBF0A-9489-4358-9486-E7A2ACBF66F8}"
EndProject
Project("{FAE04EC0-301F-11D3-BF4B-00C04F79EFBC}") = "BulkyWebRazor", "BulkyWebRazor\BulkyWebRazor.csproj", "{607EA244-79FC-4B46-BEEF-7D90564D7672}"
EndProject
Project("{FAE04EC0-301F-11D3-BF4B-00C04F79EFBC}") = "DI_Service_Lifetime", "DI_Service_Lifetime\DI_Service_Lifetime.csproj", "{B2BB5784-59EA-4B55-94FA-B308AEA9D832}"
EndProject
Global
	GlobalSection(SolutionConfigurationPlatforms) = preSolution
		Debug|Any CPU = Debug|Any CPU
		Release|Any CPU = Release|Any CPU
	EndGlobalSection
	GlobalSection(ProjectConfigurationPlatforms) = postSolution
		{1F3BBB9D-CB67-4CA5-812C-650334B4D714}.Debug|Any CPU.ActiveCfg = Debug|Any CPU
		{1F3BBB9D-CB67-4CA5-812C-650334B4D714}.Debug|Any CPU.Build.0 = Debug|Any CPU
		{1F3BBB9D-CB67-4CA5-812C-650334B4D714}.Release|Any CPU.ActiveCfg = Release|Any CPU
		{1F3BBB9D-CB67-4CA5-812C-650334B4D714}.Release|Any CPU.Build.0 = Release|Any CPU
		{D3E13825-0FB4-4EFC-AC2B-C919FDE34752}.Debug|Any CPU.ActiveCfg = Debug|Any CPU
		{D3E13825-0FB4-4EFC-AC2B-C919FDE34752}.Debug|Any CPU.Build.0 = Debug|Any CPU
		{D3E13825-0FB4-4EFC-AC2B-C919FDE34752}.Release|Any CPU.ActiveCfg = Release|Any CPU
		{D3E13825-0FB4-4EFC-AC2B-C919FDE34752}.Release|Any CPU.Build.0 = Release|Any CPU
		{95FCB2C5-43BC-4368-A939-18D63B1929F2}.Debug|Any CPU.ActiveCfg = Debug|Any CPU
		{95FCB2C5-43BC-4368-A939-18D63B1929F2}.Debug|Any CPU.Build.0 = Debug|Any CPU
		{95FCB2C5-43BC-4368-A939-18D63B1929F2}.Release|Any CPU.ActiveCfg = Release|Any CPU
		{95FCB2C5-43BC-4368-A939-18D63B1929F2}.Release|Any CPU.Build.0 = Release|Any CPU
		{78EEBF0A-9489-4358-9486-E7A2ACBF66F8}.Debug|Any CPU.ActiveCfg = Debug|Any CPU
		{78EEBF0A-9489-4358-9486-E7A2ACBF66F8}.Debug|Any CPU.Build.0 = Debug|Any CPU
		{78EEBF0A-9489-4358-9486-E7A2ACBF66F8}.Release|Any CPU.ActiveCfg = Release|Any CPU
		{78EEBF0A-9489-4358-9486-E7A2ACBF66F8}.Release|Any CPU.Build.0 = Release|Any CPU
		{607EA244-79FC-4B46-BEEF-7D90564D7672}.Debug|Any CPU.ActiveCfg = Debug|Any CPU
		{607EA244-79FC-4B46-BEEF-7D90564D7672}.Debug|Any CPU.Build.0 = Debug|Any CPU
		{607EA244-79FC-4B46-BEEF-7D90564D7672}.Release|Any CPU.ActiveCfg = Release|Any CPU
		{607EA244-79FC-4B46-BEEF-7D90564D7672}.Release|Any CPU.Build.0 = Release|Any CPU
		{B2BB5784-59EA-4B55-94FA-B308AEA9D832}.Debug|Any CPU.ActiveCfg = Debug|Any CPU
		{B2BB5784-59EA-4B55-94FA-B308AEA9D832}.Debug|Any CPU.Build.0 = Debug|Any CPU
		{B2BB5784-59EA-4B55-94FA-B308AEA9D832}.Release|Any CPU.ActiveCfg = Release|Any CPU
		{B2BB5784-59EA-4B55-94FA-B308AEA9D832}.Release|Any CPU.Build.0 = Release|Any CPU
	EndGlobalSection
	GlobalSection(SolutionProperties) = preSolution
		HideSolutionNode = FALSE
	EndGlobalSection
	GlobalSection(ExtensibilityGlobals) = postSolution
		SolutionGuid = {08F527D9-A0FD-476C-AC82-2C41676CE873}
	EndGlobalSection
EndGlobal
